
Microsoft Visual Studio Solution File, Format Version 12.00
# Visual Studio Version 16
VisualStudioVersion = 16.0.31424.327
MinimumVisualStudioVersion = 10.0.40219.1
Project("{FAE04EC0-301F-11D3-BF4B-00C04F79EFBC}") = "VirtualKeyboard", "VirtualKeyboard.csproj", "{DE5AC95E-A19C-4E45-B051-48D01CD09F32}"
EndProject
Global
	GlobalSection(SolutionConfigurationPlatforms) = preSolution
		Debug|Any CPU = Debug|Any CPU
		Release|Any CPU = Release|Any CPU
	EndGlobalSection
	GlobalSection(ProjectConfigurationPlatforms) = postSolution
		{DE5AC95E-A19C-4E45-B051-48D01CD09F32}.Debug|Any CPU.ActiveCfg = Debug|Any CPU
		{DE5AC95E-A19C-4E45-B051-48D01CD09F32}.Debug|Any CPU.Build.0 = Debug|Any CPU
		{DE5AC95E-A19C-4E45-B051-48D01CD09F32}.Release|Any CPU.ActiveCfg = Release|Any CPU
		{DE5AC95E-A19C-4E45-B051-48D01CD09F32}.Release|Any CPU.Build.0 = Release|Any CPU
	EndGlobalSection
	GlobalSection(SolutionProperties) = preSolution
		HideSolutionNode = FALSE
	EndGlobalSection
	GlobalSection(ExtensibilityGlobals) = postSolution
		SolutionGuid = {C0619ECA-EEF9-4106-B60C-F15F0D2DFD9C}
	EndGlobalSection
EndGlobal
